// !$*UTF8*$!
{
	archiveVersion = 1;
	classes = {
	};
	objectVersion = 51;
	objects = {

/* Begin PBXBuildFile section */
		43AC56B82455D08E00F8F4C4 /* AppDelegate.swift in Sources */ = {isa = PBXBuildFile; fileRef = 43AC56B72455D08E00F8F4C4 /* AppDelegate.swift */; };
		43AC56BA2455D08E00F8F4C4 /* SceneDelegate.swift in Sources */ = {isa = PBXBuildFile; fileRef = 43AC56B92455D08E00F8F4C4 /* SceneDelegate.swift */; };
		43AC56BC2455D08E00F8F4C4 /* ViewController.swift in Sources */ = {isa = PBXBuildFile; fileRef = 43AC56BB2455D08E00F8F4C4 /* ViewController.swift */; };
		43AC56BF2455D08E00F8F4C4 /* Main.storyboard in Resources */ = {isa = PBXBuildFile; fileRef = 43AC56BD2455D08E00F8F4C4 /* Main.storyboard */; };
		43AC56C12455D08F00F8F4C4 /* Assets.xcassets in Resources */ = {isa = PBXBuildFile; fileRef = 43AC56C02455D08F00F8F4C4 /* Assets.xcassets */; };
		43AC56C42455D08F00F8F4C4 /* LaunchScreen.storyboard in Resources */ = {isa = PBXBuildFile; fileRef = 43AC56C22455D08F00F8F4C4 /* LaunchScreen.storyboard */; };
		43AC56CE2455D17300F8F4C4 /* MyPlantsViewController.swift in Sources */ = {isa = PBXBuildFile; fileRef = 43AC56CD2455D17300F8F4C4 /* MyPlantsViewController.swift */; };
		43AC56D02455D1A500F8F4C4 /* DiagnosticViewController.swift in Sources */ = {isa = PBXBuildFile; fileRef = 43AC56CF2455D1A500F8F4C4 /* DiagnosticViewController.swift */; };
		43AC56D32455D21600F8F4C4 /* TaskCollectionViewCell.swift in Sources */ = {isa = PBXBuildFile; fileRef = 43AC56D12455D21600F8F4C4 /* TaskCollectionViewCell.swift */; };
		43AC56D42455D21600F8F4C4 /* TaskCollectionViewCell.xib in Resources */ = {isa = PBXBuildFile; fileRef = 43AC56D22455D21600F8F4C4 /* TaskCollectionViewCell.xib */; };
		43AC56D72455D24800F8F4C4 /* TaskCollectionViewCell2.swift in Sources */ = {isa = PBXBuildFile; fileRef = 43AC56D52455D24800F8F4C4 /* TaskCollectionViewCell2.swift */; };
		43AC56D82455D24800F8F4C4 /* TaskCollectionViewCell2.xib in Resources */ = {isa = PBXBuildFile; fileRef = 43AC56D62455D24800F8F4C4 /* TaskCollectionViewCell2.xib */; };
		43AC56DB2455D2BD00F8F4C4 /* PlantCollectionViewCell.swift in Sources */ = {isa = PBXBuildFile; fileRef = 43AC56D92455D2BD00F8F4C4 /* PlantCollectionViewCell.swift */; };
		43AC56DC2455D2BD00F8F4C4 /* PlantCollectionViewCell.xib in Resources */ = {isa = PBXBuildFile; fileRef = 43AC56DA2455D2BD00F8F4C4 /* PlantCollectionViewCell.xib */; };
		43AC56E02455D52900F8F4C4 /* GoogleService-Info.plist in Resources */ = {isa = PBXBuildFile; fileRef = 43AC56DF2455D52900F8F4C4 /* GoogleService-Info.plist */; };
		43D766BC2455F3E300CF790A /* SwiftnGif.swift in Sources */ = {isa = PBXBuildFile; fileRef = 43D766BB2455F3E300CF790A /* SwiftnGif.swift */; };
		43D766BE2455F48400CF790A /* SplashViewController.swift in Sources */ = {isa = PBXBuildFile; fileRef = 43D766BD2455F48400CF790A /* SplashViewController.swift */; };
		43D766C02455F61200CF790A /* animation.gif in Resources */ = {isa = PBXBuildFile; fileRef = 43D766BF2455F61200CF790A /* animation.gif */; };
		6D4C78FBF55B8B57B9C2F4F9 /* Pods_bloowery_3.framework in Frameworks */ = {isa = PBXBuildFile; fileRef = 50AEDBD86F8E369510ADED9C /* Pods_bloowery_3.framework */; };
/* End PBXBuildFile section */

/* Begin PBXFileReference section */
		43AC56B42455D08E00F8F4C4 /* bloowery-3.app */ = {isa = PBXFileReference; explicitFileType = wrapper.application; includeInIndex = 0; path = "bloowery-3.app"; sourceTree = BUILT_PRODUCTS_DIR; };
		43AC56B72455D08E00F8F4C4 /* AppDelegate.swift */ = {isa = PBXFileReference; lastKnownFileType = sourcecode.swift; path = AppDelegate.swift; sourceTree = "<group>"; };
		43AC56B92455D08E00F8F4C4 /* SceneDelegate.swift */ = {isa = PBXFileReference; lastKnownFileType = sourcecode.swift; path = SceneDelegate.swift; sourceTree = "<group>"; };
		43AC56BB2455D08E00F8F4C4 /* ViewController.swift */ = {isa = PBXFileReference; lastKnownFileType = sourcecode.swift; path = ViewController.swift; sourceTree = "<group>"; };
		43AC56BE2455D08E00F8F4C4 /* Base */ = {isa = PBXFileReference; lastKnownFileType = file.storyboard; name = Base; path = Base.lproj/Main.storyboard; sourceTree = "<group>"; };
		43AC56C02455D08F00F8F4C4 /* Assets.xcassets */ = {isa = PBXFileReference; lastKnownFileType = folder.assetcatalog; path = Assets.xcassets; sourceTree = "<group>"; };
		43AC56C32455D08F00F8F4C4 /* Base */ = {isa = PBXFileReference; lastKnownFileType = file.storyboard; name = Base; path = Base.lproj/LaunchScreen.storyboard; sourceTree = "<group>"; };
		43AC56C52455D08F00F8F4C4 /* Info.plist */ = {isa = PBXFileReference; lastKnownFileType = text.plist.xml; path = Info.plist; sourceTree = "<group>"; };
		43AC56CD2455D17300F8F4C4 /* MyPlantsViewController.swift */ = {isa = PBXFileReference; lastKnownFileType = sourcecode.swift; path = MyPlantsViewController.swift; sourceTree = "<group>"; };
		43AC56CF2455D1A500F8F4C4 /* DiagnosticViewController.swift */ = {isa = PBXFileReference; lastKnownFileType = sourcecode.swift; path = DiagnosticViewController.swift; sourceTree = "<group>"; };
		43AC56D12455D21600F8F4C4 /* TaskCollectionViewCell.swift */ = {isa = PBXFileReference; lastKnownFileType = sourcecode.swift; path = TaskCollectionViewCell.swift; sourceTree = "<group>"; };
		43AC56D22455D21600F8F4C4 /* TaskCollectionViewCell.xib */ = {isa = PBXFileReference; lastKnownFileType = file.xib; path = TaskCollectionViewCell.xib; sourceTree = "<group>"; };
		43AC56D52455D24800F8F4C4 /* TaskCollectionViewCell2.swift */ = {isa = PBXFileReference; lastKnownFileType = sourcecode.swift; path = TaskCollectionViewCell2.swift; sourceTree = "<group>"; };
		43AC56D62455D24800F8F4C4 /* TaskCollectionViewCell2.xib */ = {isa = PBXFileReference; lastKnownFileType = file.xib; path = TaskCollectionViewCell2.xib; sourceTree = "<group>"; };
		43AC56D92455D2BD00F8F4C4 /* PlantCollectionViewCell.swift */ = {isa = PBXFileReference; lastKnownFileType = sourcecode.swift; path = PlantCollectionViewCell.swift; sourceTree = "<group>"; };
		43AC56DA2455D2BD00F8F4C4 /* PlantCollectionViewCell.xib */ = {isa = PBXFileReference; lastKnownFileType = file.xib; path = PlantCollectionViewCell.xib; sourceTree = "<group>"; };
		43AC56DF2455D52900F8F4C4 /* GoogleService-Info.plist */ = {isa = PBXFileReference; fileEncoding = 4; lastKnownFileType = text.plist.xml; name = "GoogleService-Info.plist"; path = "../../../../../Downloads/GoogleService-Info.plist"; sourceTree = "<group>"; };
		43D766BB2455F3E300CF790A /* SwiftnGif.swift */ = {isa = PBXFileReference; lastKnownFileType = sourcecode.swift; path = SwiftnGif.swift; sourceTree = "<group>"; };
		43D766BD2455F48400CF790A /* SplashViewController.swift */ = {isa = PBXFileReference; lastKnownFileType = sourcecode.swift; path = SplashViewController.swift; sourceTree = "<group>"; };
		43D766BF2455F61200CF790A /* animation.gif */ = {isa = PBXFileReference; lastKnownFileType = image.gif; path = animation.gif; sourceTree = "<group>"; };
		50AEDBD86F8E369510ADED9C /* Pods_bloowery_3.framework */ = {isa = PBXFileReference; explicitFileType = wrapper.framework; includeInIndex = 0; path = Pods_bloowery_3.framework; sourceTree = BUILT_PRODUCTS_DIR; };
		BE3385265DD40836FD4CB865 /* Pods-bloowery-3.debug.xcconfig */ = {isa = PBXFileReference; includeInIndex = 1; lastKnownFileType = text.xcconfig; name = "Pods-bloowery-3.debug.xcconfig"; path = "Target Support Files/Pods-bloowery-3/Pods-bloowery-3.debug.xcconfig"; sourceTree = "<group>"; };
		E19AC3AF54416287E3C2E805 /* Pods-bloowery-3.release.xcconfig */ = {isa = PBXFileReference; includeInIndex = 1; lastKnownFileType = text.xcconfig; name = "Pods-bloowery-3.release.xcconfig"; path = "Target Support Files/Pods-bloowery-3/Pods-bloowery-3.release.xcconfig"; sourceTree = "<group>"; };
/* End PBXFileReference section */

/* Begin PBXFrameworksBuildPhase section */
		43AC56B12455D08E00F8F4C4 /* Frameworks */ = {
			isa = PBXFrameworksBuildPhase;
			buildActionMask = 2147483647;
			files = (
				6D4C78FBF55B8B57B9C2F4F9 /* Pods_bloowery_3.framework in Frameworks */,
			);
			runOnlyForDeploymentPostprocessing = 0;
		};
/* End PBXFrameworksBuildPhase section */

/* Begin PBXGroup section */
		1901FC0BD063C9FFA5CCB689 /* Frameworks */ = {
			isa = PBXGroup;
			children = (
				50AEDBD86F8E369510ADED9C /* Pods_bloowery_3.framework */,
			);
			name = Frameworks;
			sourceTree = "<group>";
		};
		43AC56AB2455D08E00F8F4C4 = {
			isa = PBXGroup;
			children = (
				43AC56B62455D08E00F8F4C4 /* bloowery-3 */,
				43AC56B52455D08E00F8F4C4 /* Products */,
				8484F412D4337B221767EB7F /* Pods */,
				1901FC0BD063C9FFA5CCB689 /* Frameworks */,
			);
			sourceTree = "<group>";
		};
		43AC56B52455D08E00F8F4C4 /* Products */ = {
			isa = PBXGroup;
			children = (
				43AC56B42455D08E00F8F4C4 /* bloowery-3.app */,
			);
			name = Products;
			sourceTree = "<group>";
		};
		43AC56B62455D08E00F8F4C4 /* bloowery-3 */ = {
			isa = PBXGroup;
			children = (
				43AC56B72455D08E00F8F4C4 /* AppDelegate.swift */,
				43AC56B92455D08E00F8F4C4 /* SceneDelegate.swift */,
				43AC56BB2455D08E00F8F4C4 /* ViewController.swift */,
				43AC56CD2455D17300F8F4C4 /* MyPlantsViewController.swift */,
				43AC56CF2455D1A500F8F4C4 /* DiagnosticViewController.swift */,
				43AC56BD2455D08E00F8F4C4 /* Main.storyboard */,
				43D766BD2455F48400CF790A /* SplashViewController.swift */,
				43D766BB2455F3E300CF790A /* SwiftnGif.swift */,
				43AC56D92455D2BD00F8F4C4 /* PlantCollectionViewCell.swift */,
				43AC56DA2455D2BD00F8F4C4 /* PlantCollectionViewCell.xib */,
				43AC56D12455D21600F8F4C4 /* TaskCollectionViewCell.swift */,
				43AC56D22455D21600F8F4C4 /* TaskCollectionViewCell.xib */,
				43AC56D52455D24800F8F4C4 /* TaskCollectionViewCell2.swift */,
				43AC56D62455D24800F8F4C4 /* TaskCollectionViewCell2.xib */,
				43D766BF2455F61200CF790A /* animation.gif */,
				43AC56DF2455D52900F8F4C4 /* GoogleService-Info.plist */,
				43AC56C02455D08F00F8F4C4 /* Assets.xcassets */,
				43AC56C22455D08F00F8F4C4 /* LaunchScreen.storyboard */,
				43AC56C52455D08F00F8F4C4 /* Info.plist */,
			);
			path = "bloowery-3";
			sourceTree = "<group>";
		};
		8484F412D4337B221767EB7F /* Pods */ = {
			isa = PBXGroup;
			children = (
				BE3385265DD40836FD4CB865 /* Pods-bloowery-3.debug.xcconfig */,
				E19AC3AF54416287E3C2E805 /* Pods-bloowery-3.release.xcconfig */,
			);
			path = Pods;
			sourceTree = "<group>";
		};
/* End PBXGroup section */

/* Begin PBXNativeTarget section */
		43AC56B32455D08E00F8F4C4 /* bloowery-3 */ = {
			isa = PBXNativeTarget;
			buildConfigurationList = 43AC56C82455D08F00F8F4C4 /* Build configuration list for PBXNativeTarget "bloowery-3" */;
			buildPhases = (
				2940EB84A01CE65F28AD9649 /* [CP] Check Pods Manifest.lock */,
				43AC56B02455D08E00F8F4C4 /* Sources */,
				43AC56B12455D08E00F8F4C4 /* Frameworks */,
				43AC56B22455D08E00F8F4C4 /* Resources */,
				59657CCC13558F3A6B592ECC /* [CP] Embed Pods Frameworks */,
			);
			buildRules = (
			);
			dependencies = (
			);
			name = "bloowery-3";
			productName = "bloowery-3";
			productReference = 43AC56B42455D08E00F8F4C4 /* bloowery-3.app */;
			productType = "com.apple.product-type.application";
		};
/* End PBXNativeTarget section */

/* Begin PBXProject section */
		43AC56AC2455D08E00F8F4C4 /* Project object */ = {
			isa = PBXProject;
			attributes = {
				LastSwiftUpdateCheck = 1140;
				LastUpgradeCheck = 1140;
				ORGANIZATIONNAME = "Полина Тизик";
				TargetAttributes = {
					43AC56B32455D08E00F8F4C4 = {
						CreatedOnToolsVersion = 11.4.1;
					};
				};
			};
			buildConfigurationList = 43AC56AF2455D08E00F8F4C4 /* Build configuration list for PBXProject "bloowery-3" */;
			compatibilityVersion = "Xcode 9.3";
			developmentRegion = en;
			hasScannedForEncodings = 0;
			knownRegions = (
				en,
				Base,
			);
			mainGroup = 43AC56AB2455D08E00F8F4C4;
			productRefGroup = 43AC56B52455D08E00F8F4C4 /* Products */;
			projectDirPath = "";
			projectRoot = "";
			targets = (
				43AC56B32455D08E00F8F4C4 /* bloowery-3 */,
			);
		};
/* End PBXProject section */

/* Begin PBXResourcesBuildPhase section */
		43AC56B22455D08E00F8F4C4 /* Resources */ = {
			isa = PBXResourcesBuildPhase;
			buildActionMask = 2147483647;
			files = (
				43AC56C42455D08F00F8F4C4 /* LaunchScreen.storyboard in Resources */,
				43D766C02455F61200CF790A /* animation.gif in Resources */,
				43AC56D82455D24800F8F4C4 /* TaskCollectionViewCell2.xib in Resources */,
				43AC56D42455D21600F8F4C4 /* TaskCollectionViewCell.xib in Resources */,
				43AC56C12455D08F00F8F4C4 /* Assets.xcassets in Resources */,
				43AC56DC2455D2BD00F8F4C4 /* PlantCollectionViewCell.xib in Resources */,
				43AC56BF2455D08E00F8F4C4 /* Main.storyboard in Resources */,
				43AC56E02455D52900F8F4C4 /* GoogleService-Info.plist in Resources */,
			);
			runOnlyForDeploymentPostprocessing = 0;
		};
/* End PBXResourcesBuildPhase section */

/* Begin PBXShellScriptBuildPhase section */
		2940EB84A01CE65F28AD9649 /* [CP] Check Pods Manifest.lock */ = {
			isa = PBXShellScriptBuildPhase;
			buildActionMask = 2147483647;
			files = (
			);
			inputFileListPaths = (
			);
			inputPaths = (
				"${PODS_PODFILE_DIR_PATH}/Podfile.lock",
				"${PODS_ROOT}/Manifest.lock",
			);
			name = "[CP] Check Pods Manifest.lock";
			outputFileListPaths = (
			);
			outputPaths = (
				"$(DERIVED_FILE_DIR)/Pods-bloowery-3-checkManifestLockResult.txt",
			);
			runOnlyForDeploymentPostprocessing = 0;
			shellPath = /bin/sh;
			shellScript = "diff \"${PODS_PODFILE_DIR_PATH}/Podfile.lock\" \"${PODS_ROOT}/Manifest.lock\" > /dev/null\nif [ $? != 0 ] ; then\n    # print error to STDERR\n    echo \"error: The sandbox is not in sync with the Podfile.lock. Run 'pod install' or update your CocoaPods installation.\" >&2\n    exit 1\nfi\n# This output is used by Xcode 'outputs' to avoid re-running this script phase.\necho \"SUCCESS\" > \"${SCRIPT_OUTPUT_FILE_0}\"\n";
			showEnvVarsInLog = 0;
		};
		59657CCC13558F3A6B592ECC /* [CP] Embed Pods Frameworks */ = {
			isa = PBXShellScriptBuildPhase;
			buildActionMask = 2147483647;
			files = (
			);
			inputFileListPaths = (
				"${PODS_ROOT}/Target Support Files/Pods-bloowery-3/Pods-bloowery-3-frameworks-${CONFIGURATION}-input-files.xcfilelist",
			);
			name = "[CP] Embed Pods Frameworks";
			outputFileListPaths = (
				"${PODS_ROOT}/Target Support Files/Pods-bloowery-3/Pods-bloowery-3-frameworks-${CONFIGURATION}-output-files.xcfilelist",
			);
			runOnlyForDeploymentPostprocessing = 0;
			shellPath = /bin/sh;
			shellScript = "\"${PODS_ROOT}/Target Support Files/Pods-bloowery-3/Pods-bloowery-3-frameworks.sh\"\n";
			showEnvVarsInLog = 0;
		};
/* End PBXShellScriptBuildPhase section */

/* Begin PBXSourcesBuildPhase section */
		43AC56B02455D08E00F8F4C4 /* Sources */ = {
			isa = PBXSourcesBuildPhase;
			buildActionMask = 2147483647;
			files = (
				43AC56D72455D24800F8F4C4 /* TaskCollectionViewCell2.swift in Sources */,
				43AC56BC2455D08E00F8F4C4 /* ViewController.swift in Sources */,
				43AC56B82455D08E00F8F4C4 /* AppDelegate.swift in Sources */,
				43AC56D02455D1A500F8F4C4 /* DiagnosticViewController.swift in Sources */,
				43AC56D32455D21600F8F4C4 /* TaskCollectionViewCell.swift in Sources */,
				43AC56CE2455D17300F8F4C4 /* MyPlantsViewController.swift in Sources */,
				43D766BC2455F3E300CF790A /* SwiftnGif.swift in Sources */,
				43AC56DB2455D2BD00F8F4C4 /* PlantCollectionViewCell.swift in Sources */,
				43AC56BA2455D08E00F8F4C4 /* SceneDelegate.swift in Sources */,
				43D766BE2455F48400CF790A /* SplashViewController.swift in Sources */,
			);
			runOnlyForDeploymentPostprocessing = 0;
		};
/* End PBXSourcesBuildPhase section */

/* Begin PBXVariantGroup section */
		43AC56BD2455D08E00F8F4C4 /* Main.storyboard */ = {
			isa = PBXVariantGroup;
			children = (
				43AC56BE2455D08E00F8F4C4 /* Base */,
			);
			name = Main.storyboard;
			sourceTree = "<group>";
		};
		43AC56C22455D08F00F8F4C4 /* LaunchScreen.storyboard */ = {
			isa = PBXVariantGroup;
			children = (
				43AC56C32455D08F00F8F4C4 /* Base */,
			);
			name = LaunchScreen.storyboard;
			sourceTree = "<group>";
		};
/* End PBXVariantGroup section */

/* Begin XCBuildConfiguration section */
		43AC56C62455D08F00F8F4C4 /* Debug */ = {
			isa = XCBuildConfiguration;
			buildSettings = {
				ALWAYS_SEARCH_USER_PATHS = NO;
				CLANG_ANALYZER_NONNULL = YES;
				CLANG_ANALYZER_NUMBER_OBJECT_CONVERSION = YES_AGGRESSIVE;
				CLANG_CXX_LANGUAGE_STANDARD = "gnu++14";
				CLANG_CXX_LIBRARY = "libc++";
				CLANG_ENABLE_MODULES = YES;
				CLANG_ENABLE_OBJC_ARC = YES;
				CLANG_ENABLE_OBJC_WEAK = YES;
				CLANG_WARN_BLOCK_CAPTURE_AUTORELEASING = YES;
				CLANG_WARN_BOOL_CONVERSION = YES;
				CLANG_WARN_COMMA = YES;
				CLANG_WARN_CONSTANT_CONVERSION = YES;
				CLANG_WARN_DEPRECATED_OBJC_IMPLEMENTATIONS = YES;
				CLANG_WARN_DIRECT_OBJC_ISA_USAGE = YES_ERROR;
				CLANG_WARN_DOCUMENTATION_COMMENTS = YES;
				CLANG_WARN_EMPTY_BODY = YES;
				CLANG_WARN_ENUM_CONVERSION = YES;
				CLANG_WARN_INFINITE_RECURSION = YES;
				CLANG_WARN_INT_CONVERSION = YES;
				CLANG_WARN_NON_LITERAL_NULL_CONVERSION = YES;
				CLANG_WARN_OBJC_IMPLICIT_RETAIN_SELF = YES;
				CLANG_WARN_OBJC_LITERAL_CONVERSION = YES;
				CLANG_WARN_OBJC_ROOT_CLASS = YES_ERROR;
				CLANG_WARN_RANGE_LOOP_ANALYSIS = YES;
				CLANG_WARN_STRICT_PROTOTYPES = YES;
				CLANG_WARN_SUSPICIOUS_MOVE = YES;
				CLANG_WARN_UNGUARDED_AVAILABILITY = YES_AGGRESSIVE;
				CLANG_WARN_UNREACHABLE_CODE = YES;
				CLANG_WARN__DUPLICATE_METHOD_MATCH = YES;
				COPY_PHASE_STRIP = NO;
				DEBUG_INFORMATION_FORMAT = dwarf;
				ENABLE_STRICT_OBJC_MSGSEND = YES;
				ENABLE_TESTABILITY = YES;
				GCC_C_LANGUAGE_STANDARD = gnu11;
				GCC_DYNAMIC_NO_PIC = NO;
				GCC_NO_COMMON_BLOCKS = YES;
				GCC_OPTIMIZATION_LEVEL = 0;
				GCC_PREPROCESSOR_DEFINITIONS = (
					"DEBUG=1",
					"$(inherited)",
				);
				GCC_WARN_64_TO_32_BIT_CONVERSION = YES;
				GCC_WARN_ABOUT_RETURN_TYPE = YES_ERROR;
				GCC_WARN_UNDECLARED_SELECTOR = YES;
				GCC_WARN_UNINITIALIZED_AUTOS = YES_AGGRESSIVE;
				GCC_WARN_UNUSED_FUNCTION = YES;
				GCC_WARN_UNUSED_VARIABLE = YES;
				IPHONEOS_DEPLOYMENT_TARGET = 13.4;
				MTL_ENABLE_DEBUG_INFO = INCLUDE_SOURCE;
				MTL_FAST_MATH = YES;
				ONLY_ACTIVE_ARCH = YES;
				SDKROOT = iphoneos;
				SWIFT_ACTIVE_COMPILATION_CONDITIONS = DEBUG;
				SWIFT_OPTIMIZATION_LEVEL = "-Onone";
			};
			name = Debug;
		};
		43AC56C72455D08F00F8F4C4 /* Release */ = {
			isa = XCBuildConfiguration;
			buildSettings = {
				ALWAYS_SEARCH_USER_PATHS = NO;
				CLANG_ANALYZER_NONNULL = YES;
				CLANG_ANALYZER_NUMBER_OBJECT_CONVERSION = YES_AGGRESSIVE;
				CLANG_CXX_LANGUAGE_STANDARD = "gnu++14";
				CLANG_CXX_LIBRARY = "libc++";
				CLANG_ENABLE_MODULES = YES;
				CLANG_ENABLE_OBJC_ARC = YES;
				CLANG_ENABLE_OBJC_WEAK = YES;
				CLANG_WARN_BLOCK_CAPTURE_AUTORELEASING = YES;
				CLANG_WARN_BOOL_CONVERSION = YES;
				CLANG_WARN_COMMA = YES;
				CLANG_WARN_CONSTANT_CONVERSION = YES;
				CLANG_WARN_DEPRECATED_OBJC_IMPLEMENTATIONS = YES;
				CLANG_WARN_DIRECT_OBJC_ISA_USAGE = YES_ERROR;
				CLANG_WARN_DOCUMENTATION_COMMENTS = YES;
				CLANG_WARN_EMPTY_BODY = YES;
				CLANG_WARN_ENUM_CONVERSION = YES;
				CLANG_WARN_INFINITE_RECURSION = YES;
				CLANG_WARN_INT_CONVERSION = YES;
				CLANG_WARN_NON_LITERAL_NULL_CONVERSION = YES;
				CLANG_WARN_OBJC_IMPLICIT_RETAIN_SELF = YES;
				CLANG_WARN_OBJC_LITERAL_CONVERSION = YES;
				CLANG_WARN_OBJC_ROOT_CLASS = YES_ERROR;
				CLANG_WARN_RANGE_LOOP_ANALYSIS = YES;
				CLANG_WARN_STRICT_PROTOTYPES = YES;
				CLANG_WARN_SUSPICIOUS_MOVE = YES;
				CLANG_WARN_UNGUARDED_AVAILABILITY = YES_AGGRESSIVE;
				CLANG_WARN_UNREACHABLE_CODE = YES;
				CLANG_WARN__DUPLICATE_METHOD_MATCH = YES;
				COPY_PHASE_STRIP = NO;
				DEBUG_INFORMATION_FORMAT = "dwarf-with-dsym";
				ENABLE_NS_ASSERTIONS = NO;
				ENABLE_STRICT_OBJC_MSGSEND = YES;
				GCC_C_LANGUAGE_STANDARD = gnu11;
				GCC_NO_COMMON_BLOCKS = YES;
				GCC_WARN_64_TO_32_BIT_CONVERSION = YES;
				GCC_WARN_ABOUT_RETURN_TYPE = YES_ERROR;
				GCC_WARN_UNDECLARED_SELECTOR = YES;
				GCC_WARN_UNINITIALIZED_AUTOS = YES_AGGRESSIVE;
				GCC_WARN_UNUSED_FUNCTION = YES;
				GCC_WARN_UNUSED_VARIABLE = YES;
				IPHONEOS_DEPLOYMENT_TARGET = 13.4;
				MTL_ENABLE_DEBUG_INFO = NO;
				MTL_FAST_MATH = YES;
				SDKROOT = iphoneos;
				SWIFT_COMPILATION_MODE = wholemodule;
				SWIFT_OPTIMIZATION_LEVEL = "-O";
				VALIDATE_PRODUCT = YES;
			};
			name = Release;
		};
		43AC56C92455D08F00F8F4C4 /* Debug */ = {
			isa = XCBuildConfiguration;
			baseConfigurationReference = BE3385265DD40836FD4CB865 /* Pods-bloowery-3.debug.xcconfig */;
			buildSettings = {
				ASSETCATALOG_COMPILER_APPICON_NAME = AppIcon;
				CODE_SIGN_STYLE = Automatic;
				DEVELOPMENT_TEAM = 322J7YKXPJ;
				INFOPLIST_FILE = "bloowery-3/Info.plist";
				LD_RUNPATH_SEARCH_PATHS = (
					"$(inherited)",
					"@executable_path/Frameworks",
				);
				PRODUCT_BUNDLE_IDENTIFIER = "com.polinatzk.bloowery-3";
				PRODUCT_NAME = "$(TARGET_NAME)";
				SWIFT_VERSION = 5.0;
				TARGETED_DEVICE_FAMILY = "1,2";
			};
			name = Debug;
		};
		43AC56CA2455D08F00F8F4C4 /* Release */ = {
			isa = XCBuildConfiguration;
			baseConfigurationReference = E19AC3AF54416287E3C2E805 /* Pods-bloowery-3.release.xcconfig */;
			buildSettings = {
				ASSETCATALOG_COMPILER_APPICON_NAME = AppIcon;
				CODE_SIGN_STYLE = Automatic;
				DEVELOPMENT_TEAM = 322J7YKXPJ;
				INFOPLIST_FILE = "bloowery-3/Info.plist";
				LD_RUNPATH_SEARCH_PATHS = (
					"$(inherited)",
					"@executable_path/Frameworks",
				);
				PRODUCT_BUNDLE_IDENTIFIER = "com.polinatzk.bloowery-3";
				PRODUCT_NAME = "$(TARGET_NAME)";
				SWIFT_VERSION = 5.0;
				TARGETED_DEVICE_FAMILY = "1,2";
			};
			name = Release;
		};
/* End XCBuildConfiguration section */

/* Begin XCConfigurationList section */
		43AC56AF2455D08E00F8F4C4 /* Build configuration list for PBXProject "bloowery-3" */ = {
			isa = XCConfigurationList;
			buildConfigurations = (
				43AC56C62455D08F00F8F4C4 /* Debug */,
				43AC56C72455D08F00F8F4C4 /* Release */,
			);
			defaultConfigurationIsVisible = 0;
			defaultConfigurationName = Release;
		};
		43AC56C82455D08F00F8F4C4 /* Build configuration list for PBXNativeTarget "bloowery-3" */ = {
			isa = XCConfigurationList;
			buildConfigurations = (
				43AC56C92455D08F00F8F4C4 /* Debug */,
				43AC56CA2455D08F00F8F4C4 /* Release */,
			);
			defaultConfigurationIsVisible = 0;
			defaultConfigurationName = Release;
		};
/* End XCConfigurationList section */
	};
	rootObject = 43AC56AC2455D08E00F8F4C4 /* Project object */;
}
